
Microsoft Visual Studio Solution File, Format Version 12.00
# Visual Studio Version 16
VisualStudioVersion = 16.0.31624.102
MinimumVisualStudioVersion = 10.0.40219.1
Project("{FAE04EC0-301F-11D3-BF4B-00C04F79EFBC}") = "lab_2", "lab_2\lab_2.csproj", "{4471FEF3-2671-4972-868A-31FB816E6F49}"
EndProject
Global
	GlobalSection(SolutionConfigurationPlatforms) = preSolution
		Debug|Any CPU = Debug|Any CPU
		Release|Any CPU = Release|Any CPU
	EndGlobalSection
	GlobalSection(ProjectConfigurationPlatforms) = postSolution
		{4471FEF3-2671-4972-868A-31FB816E6F49}.Debug|Any CPU.ActiveCfg = Debug|Any CPU
		{4471FEF3-2671-4972-868A-31FB816E6F49}.Debug|Any CPU.Build.0 = Debug|Any CPU
		{4471FEF3-2671-4972-868A-31FB816E6F49}.Release|Any CPU.ActiveCfg = Release|Any CPU
		{4471FEF3-2671-4972-868A-31FB816E6F49}.Release|Any CPU.Build.0 = Release|Any CPU
	EndGlobalSection
	GlobalSection(SolutionProperties) = preSolution
		HideSolutionNode = FALSE
	EndGlobalSection
	GlobalSection(ExtensibilityGlobals) = postSolution
		SolutionGuid = {DFAC01F8-032B-457A-A91D-655A16FF8764}
	EndGlobalSection
EndGlobal
